
Microsoft Visual Studio Solution File, Format Version 12.00
# Visual Studio Version 17
VisualStudioVersion = 17.7.34024.191
MinimumVisualStudioVersion = 10.0.40219.1
Project("{8BC9CEB8-8B4A-11D0-8D11-00A0C91BC942}") = "test0829", "test0829.vcxproj", "{E3F0E1F2-6488-4085-8AB9-C2CB58391E75}"
EndProject
Global
	GlobalSection(SolutionConfigurationPlatforms) = preSolution
		Debug|x64 = Debug|x64
		Debug|x86 = Debug|x86
		Release|x64 = Release|x64
		Release|x86 = Release|x86
	EndGlobalSection
	GlobalSection(ProjectConfigurationPlatforms) = postSolution
		{E3F0E1F2-6488-4085-8AB9-C2CB58391E75}.Debug|x64.ActiveCfg = Debug|x64
		{E3F0E1F2-6488-4085-8AB9-C2CB58391E75}.Debug|x64.Build.0 = Debug|x64
		{E3F0E1F2-6488-4085-8AB9-C2CB58391E75}.Debug|x86.ActiveCfg = Debug|Win32
		{E3F0E1F2-6488-4085-8AB9-C2CB58391E75}.Debug|x86.Build.0 = Debug|Win32
		{E3F0E1F2-6488-4085-8AB9-C2CB58391E75}.Release|x64.ActiveCfg = Release|x64
		{E3F0E1F2-6488-4085-8AB9-C2CB58391E75}.Release|x64.Build.0 = Release|x64
		{E3F0E1F2-6488-4085-8AB9-C2CB58391E75}.Release|x86.ActiveCfg = Release|Win32
		{E3F0E1F2-6488-4085-8AB9-C2CB58391E75}.Release|x86.Build.0 = Release|Win32
	EndGlobalSection
	GlobalSection(SolutionProperties) = preSolution
		HideSolutionNode = FALSE
	EndGlobalSection
	GlobalSection(ExtensibilityGlobals) = postSolution
		SolutionGuid = {41F111C0-D6F1-4A80-9D10-15536293877E}
	EndGlobalSection
EndGlobal
